{
  "name": "judsonlmoore.com",
  "version": "1.0.0",
  "lockfileVersion": 1,
  "requires": true,
  "dependencies": {
    "@algolia/cache-browser-local-storage": {
      "version": "4.1.0",
      "resolved": "https://registry.npmjs.org/@algolia/cache-browser-local-storage/-/cache-browser-local-storage-4.1.0.tgz",
      "integrity": "sha512-r8BOgqZXVt+JPgP19PQNzZ+lYP+MP6eZKNQqfRYofFEx+K9oyfdtGCqmoWJsBUi3nNOzhbOcg2jfP2GJzJBZ5g==",
      "requires": {
        "@algolia/cache-common": "4.1.0"
      }
    },
    "@algolia/cache-common": {
      "version": "4.1.0",
      "resolved": "https://registry.npmjs.org/@algolia/cache-common/-/cache-common-4.1.0.tgz",
      "integrity": "sha512-ZvvK40bs1BWLErchleZL4ctHT2uH56uLMnpZPCuIk+H2PKddeiIQc/z2JDu2BHr68u513XIAAoQ+C+LgKNugmw=="
    },
    "@algolia/cache-in-memory": {
      "version": "4.1.0",
      "resolved": "https://registry.npmjs.org/@algolia/cache-in-memory/-/cache-in-memory-4.1.0.tgz",
      "integrity": "sha512-2382OXYFDeoPLA5vP9KP58ad15ows24ML5/io/T1N0xsZ0eVXDkT52qgaJw/esUfEkWScZ2R8kpesUa+qEP+kw==",
      "requires": {
        "@algolia/cache-common": "4.1.0"
      }
    },
    "@algolia/client-account": {
      "version": "4.1.0",
      "resolved": "https://registry.npmjs.org/@algolia/client-account/-/client-account-4.1.0.tgz",
      "integrity": "sha512-GFINlsxAHM/GEeDBjoTx8+J1ra9SINQCuXi2C9QSLFClPKug2lzApm8niJJGXckhyZ2aDLb7drJ1qJ8bTspApw==",
      "requires": {
        "@algolia/client-common": "4.1.0",
        "@algolia/client-search": "4.1.0",
        "@algolia/transporter": "4.1.0"
      }
    },
    "@algolia/client-analytics": {
      "version": "4.1.0",
      "resolved": "https://registry.npmjs.org/@algolia/client-analytics/-/client-analytics-4.1.0.tgz",
      "integrity": "sha512-JMyZ9vXGbTJWiO66fWEu9uJ7GSYfouUyaq8W/6esADPtBbelf+Nc0NRlicOwHHJGwiJvWdvELafxrhkR1+KR8A==",
      "requires": {
        "@algolia/client-common": "4.1.0",
        "@algolia/client-search": "4.1.0",
        "@algolia/requester-common": "4.1.0",
        "@algolia/transporter": "4.1.0"
      }
    },
    "@algolia/client-common": {
      "version": "4.1.0",
      "resolved": "https://registry.npmjs.org/@algolia/client-common/-/client-common-4.1.0.tgz",
      "integrity": "sha512-fjSMKeG54vAyQAhf+uz039/birTiLun8nDuCNx4CUbzGl97M0g96Q8jpsiZa0cjSNgh0VakMzn2GnHbS55W9/Q==",
      "requires": {
        "@algolia/requester-common": "4.1.0",
        "@algolia/transporter": "4.1.0"
      }
    },
    "@algolia/client-recommendation": {
      "version": "4.1.0",
      "resolved": "https://registry.npmjs.org/@algolia/client-recommendation/-/client-recommendation-4.1.0.tgz",
      "integrity": "sha512-UEN/QgQwVtVH++yAs2uTuyZZQQ1p5Xs/7/FKT4Kh9/8NAyqDD49zuyq/giw8PRNhWc3C/9jiO7X4RKE8QrVWGw==",
      "requires": {
        "@algolia/client-common": "4.1.0",
        "@algolia/requester-common": "4.1.0",
        "@algolia/transporter": "4.1.0"
      }
    },
    "@algolia/client-search": {
      "version": "4.1.0",
      "resolved": "https://registry.npmjs.org/@algolia/client-search/-/client-search-4.1.0.tgz",
      "integrity": "sha512-bpCYMEXUdyiopEBSHHwnrRhNEwOLstIeb0Djz+/pVuTXEr3Xg3JUoAZ8xFsCVldcXaZQpbi1/T0y3ky6xUVzfw==",
      "requires": {
        "@algolia/client-common": "4.1.0",
        "@algolia/requester-common": "4.1.0",
        "@algolia/transporter": "4.1.0"
      }
    },
    "@algolia/logger-common": {
      "version": "4.1.0",
      "resolved": "https://registry.npmjs.org/@algolia/logger-common/-/logger-common-4.1.0.tgz",
      "integrity": "sha512-QrE4Srf1LB7ekLzl68bFqlTrv7Wk7+GpsaGfB4xFZ9Pfv89My9p7qTVqdLlA44hEFY3fZ9csJp1/PFVucgNB4w=="
    },
    "@algolia/logger-console": {
      "version": "4.1.0",
      "resolved": "https://registry.npmjs.org/@algolia/logger-console/-/logger-console-4.1.0.tgz",
      "integrity": "sha512-sKELkiKIrj/tPRAdhOPNI0UxhK2uiIUXnGs/3ztAif6QX7vyE3lY19sj5pIVJctRvl8LW2UlzpBFGlcCDkho9Q==",
      "requires": {
        "@algolia/logger-common": "4.1.0"
      }
    },
    "@algolia/requester-browser-xhr": {
      "version": "4.1.0",
      "resolved": "https://registry.npmjs.org/@algolia/requester-browser-xhr/-/requester-browser-xhr-4.1.0.tgz",
      "integrity": "sha512-bLMfIAkOLs1/vGA09yxU0N5+bE0fSSvEH2ySqVssfWLMP+KRAvby2Goxm8BgI9xLkOvLbhazfQ4Ov2448VvA1g==",
      "requires": {
        "@algolia/requester-common": "4.1.0"
      }
    },
    "@algolia/requester-common": {
      "version": "4.1.0",
      "resolved": "https://registry.npmjs.org/@algolia/requester-common/-/requester-common-4.1.0.tgz",
      "integrity": "sha512-Cy0ciOv5uIm6wF+uLc9DHhxgPJtYQuy1f//hwJcW5mlPX/prPgxWwLXzWyyA+Ca7uU3q+0Y3cIFvEWM5pDxMEg=="
    },
    "@algolia/requester-node-http": {
      "version": "4.1.0",
      "resolved": "https://registry.npmjs.org/@algolia/requester-node-http/-/requester-node-http-4.1.0.tgz",
      "integrity": "sha512-tXp6Pjx9dFgM5ccW6YfEN6v2Zqq8uGwhS1pyq03/aRYRBK60LptjG5jo++vrOytrQDOnIjcZtQzBQch2GjCVmw==",
      "requires": {
        "@algolia/requester-common": "4.1.0"
      }
    },
    "@algolia/transporter": {
      "version": "4.1.0",
      "resolved": "https://registry.npmjs.org/@algolia/transporter/-/transporter-4.1.0.tgz",
      "integrity": "sha512-Z7PjHazSC+KFLDuCFOjvRNgLfh7XOE4tXi0a9O3gBRup4Sk3VQCfTw4ygCF3rRx6uYbq192efLu0nL1E9azxLA==",
      "requires": {
        "@algolia/cache-common": "4.1.0",
        "@algolia/logger-common": "4.1.0",
        "@algolia/requester-common": "4.1.0"
      }
    },
    "@fortawesome/fontawesome-free": {
      "version": "5.11.2",
      "resolved": "https://registry.npmjs.org/@fortawesome/fontawesome-free/-/fontawesome-free-5.11.2.tgz",
      "integrity": "sha512-XiUPoS79r1G7PcpnNtq85TJ7inJWe0v+b5oZJZKb0pGHNIV6+UiNeQWiFGmuQ0aj7GEhnD/v9iqxIsjuRKtEnQ==",
      "dev": true
    },
    "@geedmo/yamm": {
      "version": "4.0.1",
      "resolved": "https://registry.npmjs.org/@geedmo/yamm/-/yamm-4.0.1.tgz",
      "integrity": "sha512-Rxg+ReOuoSefdz7kdB2YKefG7DLhzDj8s6gIfKuwU7cQ7ZfH2+FMotNZijikRvSyb7PmnI8TIRsASv8ZJsk7+w=="
    },
    "abbrev": {
      "version": "1.1.1",
      "resolved": "https://registry.npmjs.org/abbrev/-/abbrev-1.1.1.tgz",
      "integrity": "sha512-nne9/IiQ/hzIhY6pdDnbBtz7DjPTKrY00P/zvPSm5pOFkl6xuGrGnXn/VtTNNfNtAfZ9/1RtehkszU9qcTii0Q=="
    },
    "algoliasearch": {
      "version": "4.1.0",
      "resolved": "https://registry.npmjs.org/algoliasearch/-/algoliasearch-4.1.0.tgz",
      "integrity": "sha512-0lzjvqQZkJYPuv7LyQauMIMCFFzJWfUf3m9KuHjmFubwbnTDa87KCMXKouMJ0kWXXt6nTLNt0+2YRREOWx2PHw==",
      "requires": {
        "@algolia/cache-browser-local-storage": "4.1.0",
        "@algolia/cache-common": "4.1.0",
        "@algolia/cache-in-memory": "4.1.0",
        "@algolia/client-account": "4.1.0",
        "@algolia/client-analytics": "4.1.0",
        "@algolia/client-common": "4.1.0",
        "@algolia/client-recommendation": "4.1.0",
        "@algolia/client-search": "4.1.0",
        "@algolia/logger-common": "4.1.0",
        "@algolia/logger-console": "4.1.0",
        "@algolia/requester-browser-xhr": "4.1.0",
        "@algolia/requester-common": "4.1.0",
        "@algolia/requester-node-http": "4.1.0",
        "@algolia/transporter": "4.1.0"
      }
    },
    "algoliasearch-helper": {
      "version": "3.1.1",
      "resolved": "https://registry.npmjs.org/algoliasearch-helper/-/algoliasearch-helper-3.1.1.tgz",
      "integrity": "sha512-Jkqlp8jezQRixf7sbQ2zFXHpdaT41g9sHBqT6pztv5nfDmg94K+pwesAy6UbxRY78IL54LIaV1FLttMtT+IzzA==",
      "requires": {
        "events": "^1.1.1"
      }
    },
    "bootstrap": {
      "version": "4.4.1",
      "resolved": "https://registry.npmjs.org/bootstrap/-/bootstrap-4.4.1.tgz",
      "integrity": "sha512-tbx5cHubwE6e2ZG7nqM3g/FZ5PQEDMWmMGNrCUBVRPHXTJaH7CBDdsLeu3eCh3B1tzAxTnAbtmrzvWEvT2NNEA=="
    },
    "classnames": {
      "version": "2.2.6",
      "resolved": "https://registry.npmjs.org/classnames/-/classnames-2.2.6.tgz",
      "integrity": "sha512-JR/iSQOSt+LQIWwrwEzJ9uk0xfN3mTVYMwt1Ir5mUcSN6pU+V4zQFFaJsclJbPuAUQH+yfWef6tm7l1quW3C8Q=="
    },
    "events": {
      "version": "1.1.1",
      "resolved": "https://registry.npmjs.org/events/-/events-1.1.1.tgz",
      "integrity": "sha1-nr23Y1rQmccNzEwqH1AEKI6L2SQ="
    },
    "hogan.js": {
      "version": "3.0.2",
      "resolved": "https://registry.npmjs.org/hogan.js/-/hogan.js-3.0.2.tgz",
      "integrity": "sha1-TNnhq9QpQUbnZ55B14mHMrAse/0=",
      "requires": {
        "mkdirp": "0.3.0",
        "nopt": "1.0.10"
      }
    },
    "instantsearch.js": {
      "version": "4.3.1",
      "resolved": "https://registry.npmjs.org/instantsearch.js/-/instantsearch.js-4.3.1.tgz",
      "integrity": "sha512-FPPUkl9aR/F1IykS++H6JKvTz4n3W4PmAuuStNrstW8ugchID9guQSIqgwTL6BMefUuhVIgteLrTbi8IzBRkCw==",
      "requires": {
        "algoliasearch-helper": "^3.1.1",
        "classnames": "^2.2.5",
        "events": "^1.1.0",
        "hogan.js": "^3.0.2",
        "preact": "^10.0.0",
        "prop-types": "^15.5.10",
        "qs": "^6.5.1"
      }
    },
    "jquery": {
      "version": "3.5.0",
      "resolved": "https://registry.npmjs.org/jquery/-/jquery-3.5.0.tgz",
      "integrity": "sha512-Xb7SVYMvygPxbFMpTFQiHh1J7HClEaThguL15N/Gg37Lri/qKyhRGZYzHRyLH8Stq3Aow0LsHO2O2ci86fCrNQ=="
    },
    "js-tokens": {
      "version": "4.0.0",
      "resolved": "https://registry.npmjs.org/js-tokens/-/js-tokens-4.0.0.tgz",
      "integrity": "sha512-RdJUflcE3cUzKiMqQgsCu06FPu9UdIJO0beYbPhHN4k6apgJtifcoCtT9bcxOpYBtpD2kCM6Sbzg4CausW/PKQ=="
    },
    "loose-envify": {
      "version": "1.4.0",
      "resolved": "https://registry.npmjs.org/loose-envify/-/loose-envify-1.4.0.tgz",
      "integrity": "sha512-lyuxPGr/Wfhrlem2CL/UcnUc1zcqKAImBDzukY7Y5F/yQiNdko6+fRLevlw1HgMySw7f611UIY408EtxRSoK3Q==",
      "requires": {
        "js-tokens": "^3.0.0 || ^4.0.0"
      }
    },
    "mkdirp": {
      "version": "0.3.0",
      "resolved": "https://registry.npmjs.org/mkdirp/-/mkdirp-0.3.0.tgz",
      "integrity": "sha1-G79asbqCevI1dRQ0kEJkVfSB/h4="
    },
    "nopt": {
      "version": "1.0.10",
      "resolved": "https://registry.npmjs.org/nopt/-/nopt-1.0.10.tgz",
      "integrity": "sha1-bd0hvSoxQXuScn3Vhfim83YI6+4=",
      "requires": {
        "abbrev": "1"
      }
    },
    "object-assign": {
      "version": "4.1.1",
      "resolved": "https://registry.npmjs.org/object-assign/-/object-assign-4.1.1.tgz",
      "integrity": "sha1-IQmtx5ZYh8/AXLvUQsrIv7s2CGM="
    },
    "popper.js": {
      "version": "1.16.0",
      "resolved": "https://registry.npmjs.org/popper.js/-/popper.js-1.16.0.tgz",
      "integrity": "sha512-+G+EkOPoE5S/zChTpmBSSDYmhXJ5PsW8eMhH8cP/CQHMFPBG/kC9Y5IIw6qNYgdJ+/COf0ddY2li28iHaZRSjw=="
    },
    "preact": {
      "version": "10.3.3",
      "resolved": "https://registry.npmjs.org/preact/-/preact-10.3.3.tgz",
      "integrity": "sha512-8EWUuHuLhX48uK0acnnXwBL/ZyrgeadnyhxG6hFI85BhwmquyGwWzfj2SylCNdEyltkdgbY3FZzQOM2mG1leAg=="
    },
    "prop-types": {
      "version": "15.7.2",
      "resolved": "https://registry.npmjs.org/prop-types/-/prop-types-15.7.2.tgz",
      "integrity": "sha512-8QQikdH7//R2vurIJSutZ1smHYTcLpRWEOlHnzcWHmBYrOGUysKwSsrC89BCiFj3CbrfJ/nXFdJepOVrY1GCHQ==",
      "requires": {
        "loose-envify": "^1.4.0",
        "object-assign": "^4.1.1",
        "react-is": "^16.8.1"
      }
    },
    "qs": {
      "version": "6.9.1",
      "resolved": "https://registry.npmjs.org/qs/-/qs-6.9.1.tgz",
      "integrity": "sha512-Cxm7/SS/y/Z3MHWSxXb8lIFqgqBowP5JMlTUFyJN88y0SGQhVmZnqFK/PeuMX9LzUyWsqqhNxIyg0jlzq946yA=="
    },
    "react-is": {
      "version": "16.13.0",
      "resolved": "https://registry.npmjs.org/react-is/-/react-is-16.13.0.tgz",
      "integrity": "sha512-GFMtL0vHkiBv9HluwNZTggSn/sCyEt9n02aM0dSAjGGyqyNlAyftYm4phPxdvCigG15JreC5biwxCgTAJZ7yAA=="
    }
  }
}
